
Microsoft Visual Studio Solution File, Format Version 12.00
# Visual Studio Version 16
VisualStudioVersion = 16.0.30907.101
MinimumVisualStudioVersion = 10.0.40219.1
Project("{FAE04EC0-301F-11D3-BF4B-00C04F79EFBC}") = "Horse", "Horse\Horse.csproj", "{B701BFDF-490D-4BCF-9E29-2BE5A148D3CC}"
EndProject
Global
	GlobalSection(SolutionConfigurationPlatforms) = preSolution
		Debug|Any CPU = Debug|Any CPU
		Release|Any CPU = Release|Any CPU
	EndGlobalSection
	GlobalSection(ProjectConfigurationPlatforms) = postSolution
		{B701BFDF-490D-4BCF-9E29-2BE5A148D3CC}.Debug|Any CPU.ActiveCfg = Debug|Any CPU
		{B701BFDF-490D-4BCF-9E29-2BE5A148D3CC}.Debug|Any CPU.Build.0 = Debug|Any CPU
		{B701BFDF-490D-4BCF-9E29-2BE5A148D3CC}.Release|Any CPU.ActiveCfg = Release|Any CPU
		{B701BFDF-490D-4BCF-9E29-2BE5A148D3CC}.Release|Any CPU.Build.0 = Release|Any CPU
	EndGlobalSection
	GlobalSection(SolutionProperties) = preSolution
		HideSolutionNode = FALSE
	EndGlobalSection
	GlobalSection(ExtensibilityGlobals) = postSolution
		SolutionGuid = {7A8A135A-5AE2-4E05-BCBD-825CDF1627E1}
	EndGlobalSection
EndGlobal
