
Microsoft Visual Studio Solution File, Format Version 12.00
# Visual Studio Version 16
VisualStudioVersion = 16.0.30907.101
MinimumVisualStudioVersion = 10.0.40219.1
Project("{FAE04EC0-301F-11D3-BF4B-00C04F79EFBC}") = "Test", "Test\Test.csproj", "{4900E241-1585-4C75-83BA-53F2400E12D8}"
EndProject
Global
	GlobalSection(SolutionConfigurationPlatforms) = preSolution
		Debug|Any CPU = Debug|Any CPU
		Release|Any CPU = Release|Any CPU
	EndGlobalSection
	GlobalSection(ProjectConfigurationPlatforms) = postSolution
		{4900E241-1585-4C75-83BA-53F2400E12D8}.Debug|Any CPU.ActiveCfg = Debug|Any CPU
		{4900E241-1585-4C75-83BA-53F2400E12D8}.Debug|Any CPU.Build.0 = Debug|Any CPU
		{4900E241-1585-4C75-83BA-53F2400E12D8}.Release|Any CPU.ActiveCfg = Release|Any CPU
		{4900E241-1585-4C75-83BA-53F2400E12D8}.Release|Any CPU.Build.0 = Release|Any CPU
	EndGlobalSection
	GlobalSection(SolutionProperties) = preSolution
		HideSolutionNode = FALSE
	EndGlobalSection
	GlobalSection(ExtensibilityGlobals) = postSolution
		SolutionGuid = {ED409604-6723-483F-AB2C-D93475ACD2D6}
	EndGlobalSection
EndGlobal
